
Microsoft Visual Studio Solution File, Format Version 12.00
# Visual Studio Version 16
VisualStudioVersion = 16.0.30128.74
MinimumVisualStudioVersion = 10.0.40219.1
Project("{9A19103F-16F7-4668-BE54-9A1E7A4F7556}") = "MbSoftLab.SwaggerUiHeaderBuilder", "MbSoftLab.SwaggerUiHeaderBuilder\MbSoftLab.SwaggerUiHeaderBuilder.csproj", "{6B6DD741-38D8-4DB5-968D-0B32183DFD7D}"
EndProject
Project("{9A19103F-16F7-4668-BE54-9A1E7A4F7556}") = "MbSoftLab.SwaggerUiHeaderBuilder.Test", "MbSoftLab.SwaggerUiHeaderBuilder.Test\MbSoftLab.SwaggerUiHeaderBuilder.Test.csproj", "{B49423EB-0380-4620-BF24-79DA932EFE00}"
EndProject
Project("{FAE04EC0-301F-11D3-BF4B-00C04F79EFBC}") = "MbSoftLab.SwaggerUiHeaderBuilder.Demo", "MbSoftLab.SwaggerUiHeaderBuilder.Demo\MbSoftLab.SwaggerUiHeaderBuilder.Demo.csproj", "{7265B1E3-22BA-4F1B-9443-129AF6519576}"
EndProject
Global
	GlobalSection(SolutionConfigurationPlatforms) = preSolution
		Debug|Any CPU = Debug|Any CPU
		Release|Any CPU = Release|Any CPU
	EndGlobalSection
	GlobalSection(ProjectConfigurationPlatforms) = postSolution
		{6B6DD741-38D8-4DB5-968D-0B32183DFD7D}.Debug|Any CPU.ActiveCfg = Debug|Any CPU
		{6B6DD741-38D8-4DB5-968D-0B32183DFD7D}.Debug|Any CPU.Build.0 = Debug|Any CPU
		{6B6DD741-38D8-4DB5-968D-0B32183DFD7D}.Release|Any CPU.ActiveCfg = Release|Any CPU
		{6B6DD741-38D8-4DB5-968D-0B32183DFD7D}.Release|Any CPU.Build.0 = Release|Any CPU
		{B49423EB-0380-4620-BF24-79DA932EFE00}.Debug|Any CPU.ActiveCfg = Debug|Any CPU
		{B49423EB-0380-4620-BF24-79DA932EFE00}.Debug|Any CPU.Build.0 = Debug|Any CPU
		{B49423EB-0380-4620-BF24-79DA932EFE00}.Release|Any CPU.ActiveCfg = Release|Any CPU
		{B49423EB-0380-4620-BF24-79DA932EFE00}.Release|Any CPU.Build.0 = Release|Any CPU
		{7265B1E3-22BA-4F1B-9443-129AF6519576}.Debug|Any CPU.ActiveCfg = Debug|Any CPU
		{7265B1E3-22BA-4F1B-9443-129AF6519576}.Debug|Any CPU.Build.0 = Debug|Any CPU
		{7265B1E3-22BA-4F1B-9443-129AF6519576}.Release|Any CPU.ActiveCfg = Release|Any CPU
		{7265B1E3-22BA-4F1B-9443-129AF6519576}.Release|Any CPU.Build.0 = Release|Any CPU
	EndGlobalSection
	GlobalSection(SolutionProperties) = preSolution
		HideSolutionNode = FALSE
	EndGlobalSection
	GlobalSection(ExtensibilityGlobals) = postSolution
		SolutionGuid = {33605C33-466C-48B0-A0E5-3012FFB407A2}
	EndGlobalSection
EndGlobal
